
Microsoft Visual Studio Solution File, Format Version 12.00
# Visual Studio 15
VisualStudioVersion = 15.0.28010.2026
MinimumVisualStudioVersion = 10.0.40219.1
Project("{FAE04EC0-301F-11D3-BF4B-00C04F79EFBC}") = "MVC-Sample-Project", "MVC-Sample-Project\MVC-Sample-Project.csproj", "{BA35B26D-DF56-4323-B010-7B8DD1E1631F}"
EndProject
Global
	GlobalSection(SolutionConfigurationPlatforms) = preSolution
		Debug|Any CPU = Debug|Any CPU
		Release|Any CPU = Release|Any CPU
	EndGlobalSection
	GlobalSection(ProjectConfigurationPlatforms) = postSolution
		{BA35B26D-DF56-4323-B010-7B8DD1E1631F}.Debug|Any CPU.ActiveCfg = Debug|Any CPU
		{BA35B26D-DF56-4323-B010-7B8DD1E1631F}.Debug|Any CPU.Build.0 = Debug|Any CPU
		{BA35B26D-DF56-4323-B010-7B8DD1E1631F}.Release|Any CPU.ActiveCfg = Release|Any CPU
		{BA35B26D-DF56-4323-B010-7B8DD1E1631F}.Release|Any CPU.Build.0 = Release|Any CPU
	EndGlobalSection
	GlobalSection(SolutionProperties) = preSolution
		HideSolutionNode = FALSE
	EndGlobalSection
	GlobalSection(ExtensibilityGlobals) = postSolution
		SolutionGuid = {90178EB3-5238-4215-AE3D-8349D0CD0ED8}
	EndGlobalSection
EndGlobal
